
Microsoft Visual Studio Solution File, Format Version 12.00
# Visual Studio 15
VisualStudioVersion = 15.0.28010.2041
MinimumVisualStudioVersion = 10.0.40219.1
Project("{8BC9CEB8-8B4A-11D0-8D11-00A0C91BC942}") = "Aula0810", "Aula0810\Aula0810.vcxproj", "{96552E1C-2B99-47D6-A657-2D0B73D593C5}"
EndProject
Project("{8BC9CEB8-8B4A-11D0-8D11-00A0C91BC942}") = "Aula1010_funcoes", "Aula1010_funcoes\Aula1010_funcoes.vcxproj", "{E29C274C-C1E2-4628-8782-F01B23C73A0F}"
EndProject
Project("{8BC9CEB8-8B4A-11D0-8D11-00A0C91BC942}") = "Aula1010_CalculadoraSimples", "Aula1010_CalculadoraSimples\Aula1010_CalculadoraSimples.vcxproj", "{95AEB5E9-19BC-48F9-B48A-DF1D89614B85}"
EndProject
Project("{8BC9CEB8-8B4A-11D0-8D11-00A0C91BC942}") = "Aula1710_Condicionais", "Aula1710_Condicionais\Aula1710_Condicionais.vcxproj", "{D4D25F82-1F81-4019-85B7-4EA5F411509D}"
EndProject
Project("{8BC9CEB8-8B4A-11D0-8D11-00A0C91BC942}") = "Aula2210_Condicionais", "Aula2210_Condicionais\Aula2210_Condicionais.vcxproj", "{D8A5075B-CD50-43C6-86E6-582D4C87C305}"
EndProject
Project("{8BC9CEB8-8B4A-11D0-8D11-00A0C91BC942}") = "Aula2410_Switch", "Aula2410_Switch\Aula2410_Switch.vcxproj", "{86591BB7-4FE5-4D20-8188-6F243B993B78}"
EndProject
Project("{8BC9CEB8-8B4A-11D0-8D11-00A0C91BC942}") = "Aula2410_CalculadoradeImpostodeRenda", "Aula2410_CalculadoradeImpostodeRenda\Aula2410_CalculadoradeImpostodeRenda.vcxproj", "{25B5D655-6CFA-44BC-A589-27D6DC000E33}"
EndProject
Project("{8BC9CEB8-8B4A-11D0-8D11-00A0C91BC942}") = "Aula3110_ex_fixacao", "Aula3110_ex_fixacao\Aula3110_ex_fixacao.vcxproj", "{83B0F47E-092A-402E-9D71-FA3EEE7D293A}"
EndProject
Project("{8BC9CEB8-8B4A-11D0-8D11-00A0C91BC942}") = "ponteiros1411", "ponteiros1411\ponteiros1411.vcxproj", "{75392D92-DDFF-474C-86EB-8EFAD6FBDA7F}"
EndProject
Project("{8BC9CEB8-8B4A-11D0-8D11-00A0C91BC942}") = "ex_1", "ex_1\ex_1.vcxproj", "{956055C3-CE5A-4B70-ACAF-B54215678FE8}"
EndProject
Global
	GlobalSection(SolutionConfigurationPlatforms) = preSolution
		Debug|x64 = Debug|x64
		Debug|x86 = Debug|x86
		Release|x64 = Release|x64
		Release|x86 = Release|x86
	EndGlobalSection
	GlobalSection(ProjectConfigurationPlatforms) = postSolution
		{96552E1C-2B99-47D6-A657-2D0B73D593C5}.Debug|x64.ActiveCfg = Debug|x64
		{96552E1C-2B99-47D6-A657-2D0B73D593C5}.Debug|x64.Build.0 = Debug|x64
		{96552E1C-2B99-47D6-A657-2D0B73D593C5}.Debug|x86.ActiveCfg = Debug|Win32
		{96552E1C-2B99-47D6-A657-2D0B73D593C5}.Debug|x86.Build.0 = Debug|Win32
		{96552E1C-2B99-47D6-A657-2D0B73D593C5}.Release|x64.ActiveCfg = Release|x64
		{96552E1C-2B99-47D6-A657-2D0B73D593C5}.Release|x64.Build.0 = Release|x64
		{96552E1C-2B99-47D6-A657-2D0B73D593C5}.Release|x86.ActiveCfg = Release|Win32
		{96552E1C-2B99-47D6-A657-2D0B73D593C5}.Release|x86.Build.0 = Release|Win32
		{E29C274C-C1E2-4628-8782-F01B23C73A0F}.Debug|x64.ActiveCfg = Debug|x64
		{E29C274C-C1E2-4628-8782-F01B23C73A0F}.Debug|x64.Build.0 = Debug|x64
		{E29C274C-C1E2-4628-8782-F01B23C73A0F}.Debug|x86.ActiveCfg = Debug|Win32
		{E29C274C-C1E2-4628-8782-F01B23C73A0F}.Debug|x86.Build.0 = Debug|Win32
		{E29C274C-C1E2-4628-8782-F01B23C73A0F}.Release|x64.ActiveCfg = Release|x64
		{E29C274C-C1E2-4628-8782-F01B23C73A0F}.Release|x64.Build.0 = Release|x64
		{E29C274C-C1E2-4628-8782-F01B23C73A0F}.Release|x86.ActiveCfg = Release|Win32
		{E29C274C-C1E2-4628-8782-F01B23C73A0F}.Release|x86.Build.0 = Release|Win32
		{95AEB5E9-19BC-48F9-B48A-DF1D89614B85}.Debug|x64.ActiveCfg = Debug|x64
		{95AEB5E9-19BC-48F9-B48A-DF1D89614B85}.Debug|x64.Build.0 = Debug|x64
		{95AEB5E9-19BC-48F9-B48A-DF1D89614B85}.Debug|x86.ActiveCfg = Debug|Win32
		{95AEB5E9-19BC-48F9-B48A-DF1D89614B85}.Debug|x86.Build.0 = Debug|Win32
		{95AEB5E9-19BC-48F9-B48A-DF1D89614B85}.Release|x64.ActiveCfg = Release|x64
		{95AEB5E9-19BC-48F9-B48A-DF1D89614B85}.Release|x64.Build.0 = Release|x64
		{95AEB5E9-19BC-48F9-B48A-DF1D89614B85}.Release|x86.ActiveCfg = Release|Win32
		{95AEB5E9-19BC-48F9-B48A-DF1D89614B85}.Release|x86.Build.0 = Release|Win32
		{D4D25F82-1F81-4019-85B7-4EA5F411509D}.Debug|x64.ActiveCfg = Debug|x64
		{D4D25F82-1F81-4019-85B7-4EA5F411509D}.Debug|x64.Build.0 = Debug|x64
		{D4D25F82-1F81-4019-85B7-4EA5F411509D}.Debug|x86.ActiveCfg = Debug|Win32
		{D4D25F82-1F81-4019-85B7-4EA5F411509D}.Debug|x86.Build.0 = Debug|Win32
		{D4D25F82-1F81-4019-85B7-4EA5F411509D}.Release|x64.ActiveCfg = Release|x64
		{D4D25F82-1F81-4019-85B7-4EA5F411509D}.Release|x64.Build.0 = Release|x64
		{D4D25F82-1F81-4019-85B7-4EA5F411509D}.Release|x86.ActiveCfg = Release|Win32
		{D4D25F82-1F81-4019-85B7-4EA5F411509D}.Release|x86.Build.0 = Release|Win32
		{D8A5075B-CD50-43C6-86E6-582D4C87C305}.Debug|x64.ActiveCfg = Debug|x64
		{D8A5075B-CD50-43C6-86E6-582D4C87C305}.Debug|x64.Build.0 = Debug|x64
		{D8A5075B-CD50-43C6-86E6-582D4C87C305}.Debug|x86.ActiveCfg = Debug|Win32
		{D8A5075B-CD50-43C6-86E6-582D4C87C305}.Debug|x86.Build.0 = Debug|Win32
		{D8A5075B-CD50-43C6-86E6-582D4C87C305}.Release|x64.ActiveCfg = Release|x64
		{D8A5075B-CD50-43C6-86E6-582D4C87C305}.Release|x64.Build.0 = Release|x64
		{D8A5075B-CD50-43C6-86E6-582D4C87C305}.Release|x86.ActiveCfg = Release|Win32
		{D8A5075B-CD50-43C6-86E6-582D4C87C305}.Release|x86.Build.0 = Release|Win32
		{86591BB7-4FE5-4D20-8188-6F243B993B78}.Debug|x64.ActiveCfg = Debug|x64
		{86591BB7-4FE5-4D20-8188-6F243B993B78}.Debug|x64.Build.0 = Debug|x64
		{86591BB7-4FE5-4D20-8188-6F243B993B78}.Debug|x86.ActiveCfg = Debug|Win32
		{86591BB7-4FE5-4D20-8188-6F243B993B78}.Debug|x86.Build.0 = Debug|Win32
		{86591BB7-4FE5-4D20-8188-6F243B993B78}.Release|x64.ActiveCfg = Release|x64
		{86591BB7-4FE5-4D20-8188-6F243B993B78}.Release|x64.Build.0 = Release|x64
		{86591BB7-4FE5-4D20-8188-6F243B993B78}.Release|x86.ActiveCfg = Release|Win32
		{86591BB7-4FE5-4D20-8188-6F243B993B78}.Release|x86.Build.0 = Release|Win32
		{25B5D655-6CFA-44BC-A589-27D6DC000E33}.Debug|x64.ActiveCfg = Debug|x64
		{25B5D655-6CFA-44BC-A589-27D6DC000E33}.Debug|x64.Build.0 = Debug|x64
		{25B5D655-6CFA-44BC-A589-27D6DC000E33}.Debug|x86.ActiveCfg = Debug|Win32
		{25B5D655-6CFA-44BC-A589-27D6DC000E33}.Debug|x86.Build.0 = Debug|Win32
		{25B5D655-6CFA-44BC-A589-27D6DC000E33}.Release|x64.ActiveCfg = Release|x64
		{25B5D655-6CFA-44BC-A589-27D6DC000E33}.Release|x64.Build.0 = Release|x64
		{25B5D655-6CFA-44BC-A589-27D6DC000E33}.Release|x86.ActiveCfg = Release|Win32
		{25B5D655-6CFA-44BC-A589-27D6DC000E33}.Release|x86.Build.0 = Release|Win32
		{83B0F47E-092A-402E-9D71-FA3EEE7D293A}.Debug|x64.ActiveCfg = Debug|x64
		{83B0F47E-092A-402E-9D71-FA3EEE7D293A}.Debug|x64.Build.0 = Debug|x64
		{83B0F47E-092A-402E-9D71-FA3EEE7D293A}.Debug|x86.ActiveCfg = Debug|Win32
		{83B0F47E-092A-402E-9D71-FA3EEE7D293A}.Debug|x86.Build.0 = Debug|Win32
		{83B0F47E-092A-402E-9D71-FA3EEE7D293A}.Release|x64.ActiveCfg = Release|x64
		{83B0F47E-092A-402E-9D71-FA3EEE7D293A}.Release|x64.Build.0 = Release|x64
		{83B0F47E-092A-402E-9D71-FA3EEE7D293A}.Release|x86.ActiveCfg = Release|Win32
		{83B0F47E-092A-402E-9D71-FA3EEE7D293A}.Release|x86.Build.0 = Release|Win32
		{75392D92-DDFF-474C-86EB-8EFAD6FBDA7F}.Debug|x64.ActiveCfg = Debug|x64
		{75392D92-DDFF-474C-86EB-8EFAD6FBDA7F}.Debug|x64.Build.0 = Debug|x64
		{75392D92-DDFF-474C-86EB-8EFAD6FBDA7F}.Debug|x86.ActiveCfg = Debug|Win32
		{75392D92-DDFF-474C-86EB-8EFAD6FBDA7F}.Debug|x86.Build.0 = Debug|Win32
		{75392D92-DDFF-474C-86EB-8EFAD6FBDA7F}.Release|x64.ActiveCfg = Release|x64
		{75392D92-DDFF-474C-86EB-8EFAD6FBDA7F}.Release|x64.Build.0 = Release|x64
		{75392D92-DDFF-474C-86EB-8EFAD6FBDA7F}.Release|x86.ActiveCfg = Release|Win32
		{75392D92-DDFF-474C-86EB-8EFAD6FBDA7F}.Release|x86.Build.0 = Release|Win32
		{956055C3-CE5A-4B70-ACAF-B54215678FE8}.Debug|x64.ActiveCfg = Debug|x64
		{956055C3-CE5A-4B70-ACAF-B54215678FE8}.Debug|x64.Build.0 = Debug|x64
		{956055C3-CE5A-4B70-ACAF-B54215678FE8}.Debug|x86.ActiveCfg = Debug|Win32
		{956055C3-CE5A-4B70-ACAF-B54215678FE8}.Debug|x86.Build.0 = Debug|Win32
		{956055C3-CE5A-4B70-ACAF-B54215678FE8}.Release|x64.ActiveCfg = Release|x64
		{956055C3-CE5A-4B70-ACAF-B54215678FE8}.Release|x64.Build.0 = Release|x64
		{956055C3-CE5A-4B70-ACAF-B54215678FE8}.Release|x86.ActiveCfg = Release|Win32
		{956055C3-CE5A-4B70-ACAF-B54215678FE8}.Release|x86.Build.0 = Release|Win32
	EndGlobalSection
	GlobalSection(SolutionProperties) = preSolution
		HideSolutionNode = FALSE
	EndGlobalSection
	GlobalSection(ExtensibilityGlobals) = postSolution
		SolutionGuid = {4286CB40-3A09-4B60-B3DE-AFF0826CDE53}
	EndGlobalSection
EndGlobal
